
Microsoft Visual Studio Solution File, Format Version 12.00
# Visual Studio Version 17
VisualStudioVersion = 17.9.34701.34
MinimumVisualStudioVersion = 10.0.40219.1
Project("{FAE04EC0-301F-11D3-BF4B-00C04F79EFBC}") = "ex9", "ex9\ex9.csproj", "{BA89DC0F-9A3A-400E-9180-7624BA135B1A}"
EndProject
Global
	GlobalSection(SolutionConfigurationPlatforms) = preSolution
		Debug|Any CPU = Debug|Any CPU
		Release|Any CPU = Release|Any CPU
	EndGlobalSection
	GlobalSection(ProjectConfigurationPlatforms) = postSolution
		{BA89DC0F-9A3A-400E-9180-7624BA135B1A}.Debug|Any CPU.ActiveCfg = Debug|Any CPU
		{BA89DC0F-9A3A-400E-9180-7624BA135B1A}.Debug|Any CPU.Build.0 = Debug|Any CPU
		{BA89DC0F-9A3A-400E-9180-7624BA135B1A}.Release|Any CPU.ActiveCfg = Release|Any CPU
		{BA89DC0F-9A3A-400E-9180-7624BA135B1A}.Release|Any CPU.Build.0 = Release|Any CPU
	EndGlobalSection
	GlobalSection(SolutionProperties) = preSolution
		HideSolutionNode = FALSE
	EndGlobalSection
	GlobalSection(ExtensibilityGlobals) = postSolution
		SolutionGuid = {A0AD2373-C3F3-42ED-905A-FD8D90160F6A}
	EndGlobalSection
EndGlobal
