
Microsoft Visual Studio Solution File, Format Version 12.00
# Visual Studio Version 17
VisualStudioVersion = 17.9.34701.34
MinimumVisualStudioVersion = 10.0.40219.1
Project("{FAE04EC0-301F-11D3-BF4B-00C04F79EFBC}") = "ex5", "ex5\ex5.csproj", "{968E90E1-CDEF-4933-BBBE-3FC87E839E93}"
EndProject
Global
	GlobalSection(SolutionConfigurationPlatforms) = preSolution
		Debug|Any CPU = Debug|Any CPU
		Release|Any CPU = Release|Any CPU
	EndGlobalSection
	GlobalSection(ProjectConfigurationPlatforms) = postSolution
		{968E90E1-CDEF-4933-BBBE-3FC87E839E93}.Debug|Any CPU.ActiveCfg = Debug|Any CPU
		{968E90E1-CDEF-4933-BBBE-3FC87E839E93}.Debug|Any CPU.Build.0 = Debug|Any CPU
		{968E90E1-CDEF-4933-BBBE-3FC87E839E93}.Release|Any CPU.ActiveCfg = Release|Any CPU
		{968E90E1-CDEF-4933-BBBE-3FC87E839E93}.Release|Any CPU.Build.0 = Release|Any CPU
	EndGlobalSection
	GlobalSection(SolutionProperties) = preSolution
		HideSolutionNode = FALSE
	EndGlobalSection
	GlobalSection(ExtensibilityGlobals) = postSolution
		SolutionGuid = {C8E8ADAF-3B7E-4A32-90EE-EF2C35525924}
	EndGlobalSection
EndGlobal
